
Microsoft Visual Studio Solution File, Format Version 12.00
# Visual Studio 15
VisualStudioVersion = 15.0.28010.2041
MinimumVisualStudioVersion = 10.0.40219.1
Project("{8BC9CEB8-8B4A-11D0-8D11-00A0C91BC942}") = "yitong_230_project2_poker", "yitong_230_project2_poker\yitong_230_project2_poker.vcxproj", "{EDCE8365-CB29-41E7-9939-5CF9D5781229}"
EndProject
Global
	GlobalSection(SolutionConfigurationPlatforms) = preSolution
		Debug|x64 = Debug|x64
		Debug|x86 = Debug|x86
		Release|x64 = Release|x64
		Release|x86 = Release|x86
	EndGlobalSection
	GlobalSection(ProjectConfigurationPlatforms) = postSolution
		{EDCE8365-CB29-41E7-9939-5CF9D5781229}.Debug|x64.ActiveCfg = Debug|x64
		{EDCE8365-CB29-41E7-9939-5CF9D5781229}.Debug|x64.Build.0 = Debug|x64
		{EDCE8365-CB29-41E7-9939-5CF9D5781229}.Debug|x86.ActiveCfg = Debug|Win32
		{EDCE8365-CB29-41E7-9939-5CF9D5781229}.Debug|x86.Build.0 = Debug|Win32
		{EDCE8365-CB29-41E7-9939-5CF9D5781229}.Release|x64.ActiveCfg = Release|x64
		{EDCE8365-CB29-41E7-9939-5CF9D5781229}.Release|x64.Build.0 = Release|x64
		{EDCE8365-CB29-41E7-9939-5CF9D5781229}.Release|x86.ActiveCfg = Release|Win32
		{EDCE8365-CB29-41E7-9939-5CF9D5781229}.Release|x86.Build.0 = Release|Win32
	EndGlobalSection
	GlobalSection(SolutionProperties) = preSolution
		HideSolutionNode = FALSE
	EndGlobalSection
	GlobalSection(ExtensibilityGlobals) = postSolution
		SolutionGuid = {CC8DB63A-8021-4CE4-89D7-260972B148DD}
	EndGlobalSection
EndGlobal
